
Microsoft Visual Studio Solution File, Format Version 12.00
# Visual Studio Version 17
VisualStudioVersion = 17.2.32526.322
MinimumVisualStudioVersion = 10.0.40219.1
Project("{FAE04EC0-301F-11D3-BF4B-00C04F79EFBC}") = "Srp", "Srp\Srp.csproj", "{A6A04B6F-BE0A-43FA-BE30-DB82129D4B8B}"
EndProject
Project("{FAE04EC0-301F-11D3-BF4B-00C04F79EFBC}") = "Ocp", "Ocp\Ocp.csproj", "{D4007E8C-6820-4660-A977-A8A9DE67569C}"
EndProject
Project("{FAE04EC0-301F-11D3-BF4B-00C04F79EFBC}") = "Lsp", "Lsp\Lsp.csproj", "{DB0409C4-1A50-49DB-91E9-8A5FFC2EB6B1}"
EndProject
Project("{FAE04EC0-301F-11D3-BF4B-00C04F79EFBC}") = "Isp", "Isp\Isp.csproj", "{02E21ECF-E711-4E55-A1B8-20286A5EE747}"
EndProject
Project("{FAE04EC0-301F-11D3-BF4B-00C04F79EFBC}") = "Dip", "Dip\Dip.csproj", "{B4B5AE33-52FC-49D3-A048-0AD0660881EE}"
EndProject
Global
	GlobalSection(SolutionConfigurationPlatforms) = preSolution
		Debug|Any CPU = Debug|Any CPU
		Release|Any CPU = Release|Any CPU
	EndGlobalSection
	GlobalSection(ProjectConfigurationPlatforms) = postSolution
		{A6A04B6F-BE0A-43FA-BE30-DB82129D4B8B}.Debug|Any CPU.ActiveCfg = Debug|Any CPU
		{A6A04B6F-BE0A-43FA-BE30-DB82129D4B8B}.Debug|Any CPU.Build.0 = Debug|Any CPU
		{A6A04B6F-BE0A-43FA-BE30-DB82129D4B8B}.Release|Any CPU.ActiveCfg = Release|Any CPU
		{A6A04B6F-BE0A-43FA-BE30-DB82129D4B8B}.Release|Any CPU.Build.0 = Release|Any CPU
		{D4007E8C-6820-4660-A977-A8A9DE67569C}.Debug|Any CPU.ActiveCfg = Debug|Any CPU
		{D4007E8C-6820-4660-A977-A8A9DE67569C}.Debug|Any CPU.Build.0 = Debug|Any CPU
		{D4007E8C-6820-4660-A977-A8A9DE67569C}.Release|Any CPU.ActiveCfg = Release|Any CPU
		{D4007E8C-6820-4660-A977-A8A9DE67569C}.Release|Any CPU.Build.0 = Release|Any CPU
		{DB0409C4-1A50-49DB-91E9-8A5FFC2EB6B1}.Debug|Any CPU.ActiveCfg = Debug|Any CPU
		{DB0409C4-1A50-49DB-91E9-8A5FFC2EB6B1}.Debug|Any CPU.Build.0 = Debug|Any CPU
		{DB0409C4-1A50-49DB-91E9-8A5FFC2EB6B1}.Release|Any CPU.ActiveCfg = Release|Any CPU
		{DB0409C4-1A50-49DB-91E9-8A5FFC2EB6B1}.Release|Any CPU.Build.0 = Release|Any CPU
		{02E21ECF-E711-4E55-A1B8-20286A5EE747}.Debug|Any CPU.ActiveCfg = Debug|Any CPU
		{02E21ECF-E711-4E55-A1B8-20286A5EE747}.Debug|Any CPU.Build.0 = Debug|Any CPU
		{02E21ECF-E711-4E55-A1B8-20286A5EE747}.Release|Any CPU.ActiveCfg = Release|Any CPU
		{02E21ECF-E711-4E55-A1B8-20286A5EE747}.Release|Any CPU.Build.0 = Release|Any CPU
		{B4B5AE33-52FC-49D3-A048-0AD0660881EE}.Debug|Any CPU.ActiveCfg = Debug|Any CPU
		{B4B5AE33-52FC-49D3-A048-0AD0660881EE}.Debug|Any CPU.Build.0 = Debug|Any CPU
		{B4B5AE33-52FC-49D3-A048-0AD0660881EE}.Release|Any CPU.ActiveCfg = Release|Any CPU
		{B4B5AE33-52FC-49D3-A048-0AD0660881EE}.Release|Any CPU.Build.0 = Release|Any CPU
	EndGlobalSection
	GlobalSection(SolutionProperties) = preSolution
		HideSolutionNode = FALSE
	EndGlobalSection
	GlobalSection(ExtensibilityGlobals) = postSolution
		SolutionGuid = {063E6380-14FB-4151-A15D-654F0870C07F}
	EndGlobalSection
EndGlobal
